
Microsoft Visual Studio Solution File, Format Version 12.00
# Visual Studio Version 17
VisualStudioVersion = 17.14.36221.1 d17.14
MinimumVisualStudioVersion = 10.0.40219.1
Project("{FAE04EC0-301F-11D3-BF4B-00C04F79EFBC}") = "EmployeeManagement", "EmployeeManagement.csproj", "{C4813440-B78C-4C70-88CB-CDCEFC938F54}"
EndProject
Global
	GlobalSection(SolutionConfigurationPlatforms) = preSolution
		Debug|Any CPU = Debug|Any CPU
		Release|Any CPU = Release|Any CPU
	EndGlobalSection
	GlobalSection(ProjectConfigurationPlatforms) = postSolution
		{C4813440-B78C-4C70-88CB-CDCEFC938F54}.Debug|Any CPU.ActiveCfg = Debug|Any CPU
		{C4813440-B78C-4C70-88CB-CDCEFC938F54}.Debug|Any CPU.Build.0 = Debug|Any CPU
		{C4813440-B78C-4C70-88CB-CDCEFC938F54}.Release|Any CPU.ActiveCfg = Release|Any CPU
		{C4813440-B78C-4C70-88CB-CDCEFC938F54}.Release|Any CPU.Build.0 = Release|Any CPU
	EndGlobalSection
	GlobalSection(SolutionProperties) = preSolution
		HideSolutionNode = FALSE
	EndGlobalSection
	GlobalSection(ExtensibilityGlobals) = postSolution
		SolutionGuid = {AC2F8DA6-6CE7-4749-B0CC-A7AE9B800C1A}
	EndGlobalSection
EndGlobal
